
Microsoft Visual Studio Solution File, Format Version 12.00
# Visual Studio Version 17
VisualStudioVersion = 17.5.002.0
MinimumVisualStudioVersion = 10.0.40219.1
Project("{9A19103F-16F7-4668-BE54-9A1E7A4F7556}") = "Mortein", "Mortein\Mortein.csproj", "{D5707188-8017-4864-A816-7EC324FCF5A6}"
EndProject
Project("{9A19103F-16F7-4668-BE54-9A1E7A4F7556}") = "Mortein.Tests", "Mortein.Tests\Mortein.Tests.csproj", "{755DE551-B295-48B8-A75C-720EC60FF5F3}"
EndProject
Project("{9A19103F-16F7-4668-BE54-9A1E7A4F7556}") = "Mortein.Types", "Mortein.Types\Mortein.Types.csproj", "{89DAD340-71B6-482D-B937-534CAD16361B}"
EndProject
Global
	GlobalSection(SolutionConfigurationPlatforms) = preSolution
		Debug|Any CPU = Debug|Any CPU
		Release|Any CPU = Release|Any CPU
	EndGlobalSection
	GlobalSection(ProjectConfigurationPlatforms) = postSolution
		{D5707188-8017-4864-A816-7EC324FCF5A6}.Debug|Any CPU.ActiveCfg = Debug|Any CPU
		{D5707188-8017-4864-A816-7EC324FCF5A6}.Debug|Any CPU.Build.0 = Debug|Any CPU
		{D5707188-8017-4864-A816-7EC324FCF5A6}.Release|Any CPU.ActiveCfg = Release|Any CPU
		{D5707188-8017-4864-A816-7EC324FCF5A6}.Release|Any CPU.Build.0 = Release|Any CPU
		{755DE551-B295-48B8-A75C-720EC60FF5F3}.Debug|Any CPU.ActiveCfg = Debug|Any CPU
		{755DE551-B295-48B8-A75C-720EC60FF5F3}.Debug|Any CPU.Build.0 = Debug|Any CPU
		{755DE551-B295-48B8-A75C-720EC60FF5F3}.Release|Any CPU.ActiveCfg = Release|Any CPU
		{755DE551-B295-48B8-A75C-720EC60FF5F3}.Release|Any CPU.Build.0 = Release|Any CPU
		{89DAD340-71B6-482D-B937-534CAD16361B}.Debug|Any CPU.ActiveCfg = Debug|Any CPU
		{89DAD340-71B6-482D-B937-534CAD16361B}.Debug|Any CPU.Build.0 = Debug|Any CPU
		{89DAD340-71B6-482D-B937-534CAD16361B}.Release|Any CPU.ActiveCfg = Release|Any CPU
		{89DAD340-71B6-482D-B937-534CAD16361B}.Release|Any CPU.Build.0 = Release|Any CPU
	EndGlobalSection
	GlobalSection(SolutionProperties) = preSolution
		HideSolutionNode = FALSE
	EndGlobalSection
	GlobalSection(ExtensibilityGlobals) = postSolution
		SolutionGuid = {DBCB8EA0-C0BD-4DD3-A664-923498DBDC06}
	EndGlobalSection
EndGlobal
